
Microsoft Visual Studio Solution File, Format Version 12.00
# Visual Studio 2015
Project("{FAE04EC0-301F-11D3-BF4B-00C04F79EFBC}") = "Shoot Hoop.CSharp", "Shoot Hoop.CSharp.csproj", "{4B578042-0D6C-0402-A8EE-FFFB843E61F5}"
EndProject
Global
	GlobalSection(SolutionConfigurationPlatforms) = preSolution
		Debug|Any CPU = Debug|Any CPU
		Release|Any CPU = Release|Any CPU
	EndGlobalSection
	GlobalSection(ProjectConfigurationPlatforms) = postSolution
		{4B578042-0D6C-0402-A8EE-FFFB843E61F5}.Debug|Any CPU.ActiveCfg = Debug|Any CPU
		{4B578042-0D6C-0402-A8EE-FFFB843E61F5}.Debug|Any CPU.Build.0 = Debug|Any CPU
		{4B578042-0D6C-0402-A8EE-FFFB843E61F5}.Release|Any CPU.ActiveCfg = Release|Any CPU
		{4B578042-0D6C-0402-A8EE-FFFB843E61F5}.Release|Any CPU.Build.0 = Release|Any CPU
	EndGlobalSection
	GlobalSection(SolutionProperties) = preSolution
		HideSolutionNode = FALSE
	EndGlobalSection
EndGlobal
